
Microsoft Visual Studio Solution File, Format Version 12.00
# Visual Studio Version 17
VisualStudioVersion = 17.4.33213.308
MinimumVisualStudioVersion = 10.0.40219.1
Project("{FAE04EC0-301F-11D3-BF4B-00C04F79EFBC}") = "AnimalLab", "AnimalLab\AnimalLab.csproj", "{84392F5C-48DC-4AAB-B5F9-0C6C93ED7C7A}"
EndProject
Global
	GlobalSection(SolutionConfigurationPlatforms) = preSolution
		Debug|Any CPU = Debug|Any CPU
		Release|Any CPU = Release|Any CPU
	EndGlobalSection
	GlobalSection(ProjectConfigurationPlatforms) = postSolution
		{84392F5C-48DC-4AAB-B5F9-0C6C93ED7C7A}.Debug|Any CPU.ActiveCfg = Debug|Any CPU
		{84392F5C-48DC-4AAB-B5F9-0C6C93ED7C7A}.Debug|Any CPU.Build.0 = Debug|Any CPU
		{84392F5C-48DC-4AAB-B5F9-0C6C93ED7C7A}.Release|Any CPU.ActiveCfg = Release|Any CPU
		{84392F5C-48DC-4AAB-B5F9-0C6C93ED7C7A}.Release|Any CPU.Build.0 = Release|Any CPU
	EndGlobalSection
	GlobalSection(SolutionProperties) = preSolution
		HideSolutionNode = FALSE
	EndGlobalSection
	GlobalSection(ExtensibilityGlobals) = postSolution
		SolutionGuid = {3CD1D454-79E1-4625-AE69-B05A1A2ABDA8}
	EndGlobalSection
EndGlobal
